
Microsoft Visual Studio Solution File, Format Version 12.00
# Visual Studio Version 17
VisualStudioVersion = 17.11.35327.3
MinimumVisualStudioVersion = 10.0.40219.1
Project("{9A19103F-16F7-4668-BE54-9A1E7A4F7556}") = "HairHarmonySalon", "HairmonySalon.WebApplication\HairHarmonySalon.csproj", "{5114C3CA-3170-45EE-B562-FC014A072A62}"
EndProject
Project("{9A19103F-16F7-4668-BE54-9A1E7A4F7556}") = "Harmony.Repositories", "HairmonySalon.Reponsitories\Harmony.Repositories.csproj", "{355325A5-ADC8-44B3-99C4-FB734DBDFD23}"
EndProject
Project("{9A19103F-16F7-4668-BE54-9A1E7A4F7556}") = "Harmony.Services", "HairmonySalon.Services\Harmony.Services.csproj", "{4D209046-4227-4019-80AE-8A2E00E6DFF3}"
EndProject
Global
	GlobalSection(SolutionConfigurationPlatforms) = preSolution
		Debug|Any CPU = Debug|Any CPU
		Release|Any CPU = Release|Any CPU
	EndGlobalSection
	GlobalSection(ProjectConfigurationPlatforms) = postSolution
		{5114C3CA-3170-45EE-B562-FC014A072A62}.Debug|Any CPU.ActiveCfg = Debug|Any CPU
		{5114C3CA-3170-45EE-B562-FC014A072A62}.Debug|Any CPU.Build.0 = Debug|Any CPU
		{5114C3CA-3170-45EE-B562-FC014A072A62}.Release|Any CPU.ActiveCfg = Release|Any CPU
		{5114C3CA-3170-45EE-B562-FC014A072A62}.Release|Any CPU.Build.0 = Release|Any CPU
		{355325A5-ADC8-44B3-99C4-FB734DBDFD23}.Debug|Any CPU.ActiveCfg = Debug|Any CPU
		{355325A5-ADC8-44B3-99C4-FB734DBDFD23}.Debug|Any CPU.Build.0 = Debug|Any CPU
		{355325A5-ADC8-44B3-99C4-FB734DBDFD23}.Release|Any CPU.ActiveCfg = Release|Any CPU
		{355325A5-ADC8-44B3-99C4-FB734DBDFD23}.Release|Any CPU.Build.0 = Release|Any CPU
		{4D209046-4227-4019-80AE-8A2E00E6DFF3}.Debug|Any CPU.ActiveCfg = Debug|Any CPU
		{4D209046-4227-4019-80AE-8A2E00E6DFF3}.Debug|Any CPU.Build.0 = Debug|Any CPU
		{4D209046-4227-4019-80AE-8A2E00E6DFF3}.Release|Any CPU.ActiveCfg = Release|Any CPU
		{4D209046-4227-4019-80AE-8A2E00E6DFF3}.Release|Any CPU.Build.0 = Release|Any CPU
	EndGlobalSection
	GlobalSection(SolutionProperties) = preSolution
		HideSolutionNode = FALSE
	EndGlobalSection
	GlobalSection(ExtensibilityGlobals) = postSolution
		SolutionGuid = {90ACF34C-3B0D-48B9-BEA9-57BB2F9F8B48}
	EndGlobalSection
EndGlobal
